
Microsoft Visual Studio Solution File, Format Version 12.00
# Visual Studio Version 16
VisualStudioVersion = 16.0.30114.105
MinimumVisualStudioVersion = 10.0.40219.1
Project("{FAE04EC0-301F-11D3-BF4B-00C04F79EFBC}") = "API", "API\API.csproj", "{E117DCAA-23DC-4E15-A3C0-49B37395FAB4}"
EndProject
Project("{FAE04EC0-301F-11D3-BF4B-00C04F79EFBC}") = "Core", "Core\Core.csproj", "{C392BAB1-1BB7-4FAD-AD69-3307F34AD725}"
EndProject
Project("{FAE04EC0-301F-11D3-BF4B-00C04F79EFBC}") = "Infrastructure", "Infrastructure\Infrastructure.csproj", "{70C0B818-FEB4-4BC4-88AD-E61C888D0BFF}"
EndProject
Global
	GlobalSection(SolutionConfigurationPlatforms) = preSolution
		Debug|Any CPU = Debug|Any CPU
		Release|Any CPU = Release|Any CPU
	EndGlobalSection
	GlobalSection(SolutionProperties) = preSolution
		HideSolutionNode = FALSE
	EndGlobalSection
	GlobalSection(ProjectConfigurationPlatforms) = postSolution
		{E117DCAA-23DC-4E15-A3C0-49B37395FAB4}.Debug|Any CPU.ActiveCfg = Debug|Any CPU
		{E117DCAA-23DC-4E15-A3C0-49B37395FAB4}.Debug|Any CPU.Build.0 = Debug|Any CPU
		{E117DCAA-23DC-4E15-A3C0-49B37395FAB4}.Release|Any CPU.ActiveCfg = Release|Any CPU
		{E117DCAA-23DC-4E15-A3C0-49B37395FAB4}.Release|Any CPU.Build.0 = Release|Any CPU
		{C392BAB1-1BB7-4FAD-AD69-3307F34AD725}.Debug|Any CPU.ActiveCfg = Debug|Any CPU
		{C392BAB1-1BB7-4FAD-AD69-3307F34AD725}.Debug|Any CPU.Build.0 = Debug|Any CPU
		{C392BAB1-1BB7-4FAD-AD69-3307F34AD725}.Release|Any CPU.ActiveCfg = Release|Any CPU
		{C392BAB1-1BB7-4FAD-AD69-3307F34AD725}.Release|Any CPU.Build.0 = Release|Any CPU
		{70C0B818-FEB4-4BC4-88AD-E61C888D0BFF}.Debug|Any CPU.ActiveCfg = Debug|Any CPU
		{70C0B818-FEB4-4BC4-88AD-E61C888D0BFF}.Debug|Any CPU.Build.0 = Debug|Any CPU
		{70C0B818-FEB4-4BC4-88AD-E61C888D0BFF}.Release|Any CPU.ActiveCfg = Release|Any CPU
		{70C0B818-FEB4-4BC4-88AD-E61C888D0BFF}.Release|Any CPU.Build.0 = Release|Any CPU
	EndGlobalSection
EndGlobal
